
Microsoft Visual Studio Solution File, Format Version 12.00
# Visual Studio Version 16
VisualStudioVersion = 16.0.30804.86
MinimumVisualStudioVersion = 10.0.40219.1
Project("{FAE04EC0-301F-11D3-BF4B-00C04F79EFBC}") = "BubbleSort", "BubbleSort\BubbleSort.csproj", "{B4F28401-AB77-44A2-B783-02D283B43F60}"
EndProject
Global
	GlobalSection(SolutionConfigurationPlatforms) = preSolution
		Debug|Any CPU = Debug|Any CPU
		Release|Any CPU = Release|Any CPU
	EndGlobalSection
	GlobalSection(ProjectConfigurationPlatforms) = postSolution
		{B4F28401-AB77-44A2-B783-02D283B43F60}.Debug|Any CPU.ActiveCfg = Debug|Any CPU
		{B4F28401-AB77-44A2-B783-02D283B43F60}.Debug|Any CPU.Build.0 = Debug|Any CPU
		{B4F28401-AB77-44A2-B783-02D283B43F60}.Release|Any CPU.ActiveCfg = Release|Any CPU
		{B4F28401-AB77-44A2-B783-02D283B43F60}.Release|Any CPU.Build.0 = Release|Any CPU
	EndGlobalSection
	GlobalSection(SolutionProperties) = preSolution
		HideSolutionNode = FALSE
	EndGlobalSection
	GlobalSection(ExtensibilityGlobals) = postSolution
		SolutionGuid = {E4A4DE3E-5708-4F40-8439-B4E7FE1BC019}
	EndGlobalSection
EndGlobal
